
Microsoft Visual Studio Solution File, Format Version 12.00
# Visual Studio Version 17
VisualStudioVersion = 17.11.35208.52
MinimumVisualStudioVersion = 10.0.40219.1
Project("{FAE04EC0-301F-11D3-BF4B-00C04F79EFBC}") = "Image And Video Compression", "Image And Video Compression\Image And Video Compression.csproj", "{99A16E7D-E37A-4490-A3FF-E303FDCF6C4E}"
EndProject
Global
	GlobalSection(SolutionConfigurationPlatforms) = preSolution
		Debug|Any CPU = Debug|Any CPU
		Release|Any CPU = Release|Any CPU
	EndGlobalSection
	GlobalSection(ProjectConfigurationPlatforms) = postSolution
		{99A16E7D-E37A-4490-A3FF-E303FDCF6C4E}.Debug|Any CPU.ActiveCfg = Debug|Any CPU
		{99A16E7D-E37A-4490-A3FF-E303FDCF6C4E}.Debug|Any CPU.Build.0 = Debug|Any CPU
		{99A16E7D-E37A-4490-A3FF-E303FDCF6C4E}.Release|Any CPU.ActiveCfg = Release|Any CPU
		{99A16E7D-E37A-4490-A3FF-E303FDCF6C4E}.Release|Any CPU.Build.0 = Release|Any CPU
	EndGlobalSection
	GlobalSection(SolutionProperties) = preSolution
		HideSolutionNode = FALSE
	EndGlobalSection
	GlobalSection(ExtensibilityGlobals) = postSolution
		SolutionGuid = {F3292C15-1E4C-4F22-B916-4700202AA64F}
	EndGlobalSection
EndGlobal
